# This file is automatically @generated by Poetry 1.7.1 and should not be changed by hand.

[[package]]
name = "aws-lambda-powertools"
version = "2.33.1"
description = "Powertools for AWS Lambda (Python) is a developer toolkit to implement Serverless best practices and increase developer velocity."
optional = false
python-versions = ">=3.8,<4.0.0"
files = [
    {file = "aws_lambda_powertools-2.33.1-py3-none-any.whl", hash = "sha256:f3796733ed345cdf6aa51583465ffd685c34c48a9427083db74bcf7af4f14fa8"},
    {file = "aws_lambda_powertools-2.33.1.tar.gz", hash = "sha256:443846fbd46d4ab1a3a4b3bfc753131f86e0f5e52a79949ecc90201b09661c79"},
]

[package.dependencies]
typing-extensions = ">=4.6.2,<5.0.0"

[package.extras]
all = ["aws-encryption-sdk (>=3.1.1,<4.0.0)", "aws-xray-sdk (>=2.8.0,<3.0.0)", "fastjsonschema (>=2.14.5,<3.0.0)", "jsonpath-ng (>=1.6.0,<2.0.0)", "pydantic (>=1.8.2,<2.0.0)"]
aws-sdk = ["boto3 (>=1.26.164,<2.0.0)"]
datadog = ["datadog-lambda (>=4.77,<6.0)"]
datamasking = ["aws-encryption-sdk (>=3.1.1,<4.0.0)", "jsonpath-ng (>=1.6.0,<2.0.0)"]
parser = ["pydantic (>=1.8.2,<2.0.0)"]
redis = ["redis (>=4.4,<6.0)"]
tracer = ["aws-xray-sdk (>=2.8.0,<3.0.0)"]
validation = ["fastjsonschema (>=2.14.5,<3.0.0)"]

[[package]]
name = "typing-extensions"
version = "4.9.0"
description = "Backported and Experimental Type Hints for Python 3.8+"
optional = false
python-versions = ">=3.8"
files = [
    {file = "typing_extensions-4.9.0-py3-none-any.whl", hash = "sha256:af72aea155e91adfc61c3ae9e0e342dbc0cba726d6cba4b6c72c1f34e47291cd"},
    {file = "typing_extensions-4.9.0.tar.gz", hash = "sha256:23478f88c37f27d76ac8aee6c905017a143b0b1b886c3c9f66bc2fd94f9f5783"},
]

[metadata]
lock-version = "2.0"
python-versions = "^3.12"
content-hash = "abebdaed488f591fc91f8a5621339cbc8fbce9c24369460dacc968efa6203b1d"
